
Microsoft Visual Studio Solution File, Format Version 12.00
# Visual Studio Version 17
VisualStudioVersion = 17.1.32210.238
MinimumVisualStudioVersion = 10.0.40219.1
Project("{9A19103F-16F7-4668-BE54-9A1E7A4F7556}") = "Chia-Client-API", "Chia-Client-API\Chia-Client-API.csproj", "{2894FFB0-A167-4C72-BD9C-B2E490B1CDB8}"
EndProject
Project("{9A19103F-16F7-4668-BE54-9A1E7A4F7556}") = "CHIA_API_Tests", "UnitTests\CHIA_API_Tests.csproj", "{526CF41B-BDFD-4372-AA2F-30EC2F302F03}"
EndProject
Project("{9A19103F-16F7-4668-BE54-9A1E7A4F7556}") = "Chia-Metadata", "..\Chia-Metadata\Chia-Metadata\Chia-Metadata.csproj", "{317EDA09-E7EF-47C9-9A12-5F26D1EFD41B}"
EndProject
Project("{9A19103F-16F7-4668-BE54-9A1E7A4F7556}") = "CHIA_RPC_Tests", "..\CHIA-RPC\CHIA-RPC-Tests\CHIA_RPC_Tests.csproj", "{CE2B6EFA-9E2F-47D1-B885-626056E1AE9C}"
EndProject
Project("{9A19103F-16F7-4668-BE54-9A1E7A4F7556}") = "CHIA-RPC", "..\CHIA-RPC\CHIA-RPC\CHIA-RPC.csproj", "{1E17E79C-F104-4D52-85FF-4F1B7C8A0B7C}"
EndProject
Project("{FAE04EC0-301F-11D3-BF4B-00C04F79EFBC}") = "CustomDevelopmentFunctions", "CustomDevelopmentFunctions\CustomDevelopmentFunctions.csproj", "{21F2E3E1-0C67-47E0-9F13-1FB07396B939}"
EndProject
Global
	GlobalSection(SolutionConfigurationPlatforms) = preSolution
		Debug|Any CPU = Debug|Any CPU
		Debug|x64 = Debug|x64
		Release|Any CPU = Release|Any CPU
		Release|x64 = Release|x64
	EndGlobalSection
	GlobalSection(ProjectConfigurationPlatforms) = postSolution
		{2894FFB0-A167-4C72-BD9C-B2E490B1CDB8}.Debug|Any CPU.ActiveCfg = Debug|Any CPU
		{2894FFB0-A167-4C72-BD9C-B2E490B1CDB8}.Debug|Any CPU.Build.0 = Debug|Any CPU
		{2894FFB0-A167-4C72-BD9C-B2E490B1CDB8}.Debug|x64.ActiveCfg = Debug|Any CPU
		{2894FFB0-A167-4C72-BD9C-B2E490B1CDB8}.Debug|x64.Build.0 = Debug|Any CPU
		{2894FFB0-A167-4C72-BD9C-B2E490B1CDB8}.Release|Any CPU.ActiveCfg = Release|Any CPU
		{2894FFB0-A167-4C72-BD9C-B2E490B1CDB8}.Release|Any CPU.Build.0 = Release|Any CPU
		{2894FFB0-A167-4C72-BD9C-B2E490B1CDB8}.Release|x64.ActiveCfg = Release|Any CPU
		{2894FFB0-A167-4C72-BD9C-B2E490B1CDB8}.Release|x64.Build.0 = Release|Any CPU
		{526CF41B-BDFD-4372-AA2F-30EC2F302F03}.Debug|Any CPU.ActiveCfg = Debug|Any CPU
		{526CF41B-BDFD-4372-AA2F-30EC2F302F03}.Debug|Any CPU.Build.0 = Debug|Any CPU
		{526CF41B-BDFD-4372-AA2F-30EC2F302F03}.Debug|x64.ActiveCfg = Debug|Any CPU
		{526CF41B-BDFD-4372-AA2F-30EC2F302F03}.Debug|x64.Build.0 = Debug|Any CPU
		{526CF41B-BDFD-4372-AA2F-30EC2F302F03}.Release|Any CPU.ActiveCfg = Release|Any CPU
		{526CF41B-BDFD-4372-AA2F-30EC2F302F03}.Release|Any CPU.Build.0 = Release|Any CPU
		{526CF41B-BDFD-4372-AA2F-30EC2F302F03}.Release|x64.ActiveCfg = Release|Any CPU
		{526CF41B-BDFD-4372-AA2F-30EC2F302F03}.Release|x64.Build.0 = Release|Any CPU
		{317EDA09-E7EF-47C9-9A12-5F26D1EFD41B}.Debug|Any CPU.ActiveCfg = Debug|Any CPU
		{317EDA09-E7EF-47C9-9A12-5F26D1EFD41B}.Debug|Any CPU.Build.0 = Debug|Any CPU
		{317EDA09-E7EF-47C9-9A12-5F26D1EFD41B}.Debug|x64.ActiveCfg = Debug|x64
		{317EDA09-E7EF-47C9-9A12-5F26D1EFD41B}.Debug|x64.Build.0 = Debug|x64
		{317EDA09-E7EF-47C9-9A12-5F26D1EFD41B}.Release|Any CPU.ActiveCfg = Release|Any CPU
		{317EDA09-E7EF-47C9-9A12-5F26D1EFD41B}.Release|Any CPU.Build.0 = Release|Any CPU
		{317EDA09-E7EF-47C9-9A12-5F26D1EFD41B}.Release|x64.ActiveCfg = Release|x64
		{317EDA09-E7EF-47C9-9A12-5F26D1EFD41B}.Release|x64.Build.0 = Release|x64
		{CE2B6EFA-9E2F-47D1-B885-626056E1AE9C}.Debug|Any CPU.ActiveCfg = Debug|Any CPU
		{CE2B6EFA-9E2F-47D1-B885-626056E1AE9C}.Debug|Any CPU.Build.0 = Debug|Any CPU
		{CE2B6EFA-9E2F-47D1-B885-626056E1AE9C}.Debug|x64.ActiveCfg = Debug|Any CPU
		{CE2B6EFA-9E2F-47D1-B885-626056E1AE9C}.Debug|x64.Build.0 = Debug|Any CPU
		{CE2B6EFA-9E2F-47D1-B885-626056E1AE9C}.Release|Any CPU.ActiveCfg = Release|Any CPU
		{CE2B6EFA-9E2F-47D1-B885-626056E1AE9C}.Release|Any CPU.Build.0 = Release|Any CPU
		{CE2B6EFA-9E2F-47D1-B885-626056E1AE9C}.Release|x64.ActiveCfg = Release|Any CPU
		{CE2B6EFA-9E2F-47D1-B885-626056E1AE9C}.Release|x64.Build.0 = Release|Any CPU
		{1E17E79C-F104-4D52-85FF-4F1B7C8A0B7C}.Debug|Any CPU.ActiveCfg = Debug|Any CPU
		{1E17E79C-F104-4D52-85FF-4F1B7C8A0B7C}.Debug|Any CPU.Build.0 = Debug|Any CPU
		{1E17E79C-F104-4D52-85FF-4F1B7C8A0B7C}.Debug|x64.ActiveCfg = Debug|x64
		{1E17E79C-F104-4D52-85FF-4F1B7C8A0B7C}.Debug|x64.Build.0 = Debug|x64
		{1E17E79C-F104-4D52-85FF-4F1B7C8A0B7C}.Release|Any CPU.ActiveCfg = Release|Any CPU
		{1E17E79C-F104-4D52-85FF-4F1B7C8A0B7C}.Release|Any CPU.Build.0 = Release|Any CPU
		{1E17E79C-F104-4D52-85FF-4F1B7C8A0B7C}.Release|x64.ActiveCfg = Release|x64
		{1E17E79C-F104-4D52-85FF-4F1B7C8A0B7C}.Release|x64.Build.0 = Release|x64
		{21F2E3E1-0C67-47E0-9F13-1FB07396B939}.Debug|Any CPU.ActiveCfg = Debug|Any CPU
		{21F2E3E1-0C67-47E0-9F13-1FB07396B939}.Debug|Any CPU.Build.0 = Debug|Any CPU
		{21F2E3E1-0C67-47E0-9F13-1FB07396B939}.Debug|x64.ActiveCfg = Debug|Any CPU
		{21F2E3E1-0C67-47E0-9F13-1FB07396B939}.Debug|x64.Build.0 = Debug|Any CPU
		{21F2E3E1-0C67-47E0-9F13-1FB07396B939}.Release|Any CPU.ActiveCfg = Release|Any CPU
		{21F2E3E1-0C67-47E0-9F13-1FB07396B939}.Release|Any CPU.Build.0 = Release|Any CPU
		{21F2E3E1-0C67-47E0-9F13-1FB07396B939}.Release|x64.ActiveCfg = Release|Any CPU
		{21F2E3E1-0C67-47E0-9F13-1FB07396B939}.Release|x64.Build.0 = Release|Any CPU
	EndGlobalSection
	GlobalSection(SolutionProperties) = preSolution
		HideSolutionNode = FALSE
	EndGlobalSection
	GlobalSection(ExtensibilityGlobals) = postSolution
		SolutionGuid = {75BF5C1A-AAFC-42D8-87E5-1DA5D456F3A0}
	EndGlobalSection
EndGlobal
